
Microsoft Visual Studio Solution File, Format Version 12.00
Project("{FAE04EC0-301F-11D3-BF4B-00C04F79EFBC}") = "Celerio.Samples", "Celerio.Samples\Celerio.Samples.csproj", "{2EADFA2E-D3E6-4970-8FE1-24D473E4A020}"
EndProject
Project("{FAE04EC0-301F-11D3-BF4B-00C04F79EFBC}") = "Celerio.Analyzers", "Celerio.Analyzers\Celerio.Analyzers.csproj", "{E83520A6-21AE-40D6-A36A-217053F7A1B5}"
EndProject
Project("{FAE04EC0-301F-11D3-BF4B-00C04F79EFBC}") = "Celerio.Shared", "Celerio.Shared\Celerio.Shared.csproj", "{72676F1E-A2BA-4968-B220-A6970744D20C}"
EndProject
Project("{FAE04EC0-301F-11D3-BF4B-00C04F79EFBC}") = "Celerio.Shared.Tests", "Celerio.Shared.Tests\Celerio.Shared.Tests.csproj", "{F76014C6-1974-4E87-A056-4D7BF32D5F86}"
EndProject
Project("{FAE04EC0-301F-11D3-BF4B-00C04F79EFBC}") = "Celerio.Analyzers.Tests", "Celerio.Analyzers.Tests\Celerio.Analyzers.Tests.csproj", "{A1234567-89AB-CDEF-0123-456789ABCDEF}"
EndProject
Global
	GlobalSection(SolutionConfigurationPlatforms) = preSolution
		Debug|Any CPU = Debug|Any CPU
		Release|Any CPU = Release|Any CPU
	EndGlobalSection
	GlobalSection(ProjectConfigurationPlatforms) = postSolution
		{2EADFA2E-D3E6-4970-8FE1-24D473E4A020}.Debug|Any CPU.ActiveCfg = Debug|Any CPU
		{2EADFA2E-D3E6-4970-8FE1-24D473E4A020}.Debug|Any CPU.Build.0 = Debug|Any CPU
		{2EADFA2E-D3E6-4970-8FE1-24D473E4A020}.Release|Any CPU.ActiveCfg = Release|Any CPU
		{2EADFA2E-D3E6-4970-8FE1-24D473E4A020}.Release|Any CPU.Build.0 = Release|Any CPU
		{DD0D2DF8-FF39-41D8-ACAD-D6F3801520D0}.Debug|Any CPU.ActiveCfg = Debug|Any CPU
		{DD0D2DF8-FF39-41D8-ACAD-D6F3801520D0}.Debug|Any CPU.Build.0 = Debug|Any CPU
		{DD0D2DF8-FF39-41D8-ACAD-D6F3801520D0}.Release|Any CPU.ActiveCfg = Release|Any CPU
		{DD0D2DF8-FF39-41D8-ACAD-D6F3801520D0}.Release|Any CPU.Build.0 = Release|Any CPU
		{18DA1DED-FFB8-4667-B259-3D6C9F9E88FD}.Debug|Any CPU.ActiveCfg = Debug|Any CPU
		{18DA1DED-FFB8-4667-B259-3D6C9F9E88FD}.Debug|Any CPU.Build.0 = Debug|Any CPU
		{18DA1DED-FFB8-4667-B259-3D6C9F9E88FD}.Release|Any CPU.ActiveCfg = Release|Any CPU
		{18DA1DED-FFB8-4667-B259-3D6C9F9E88FD}.Release|Any CPU.Build.0 = Release|Any CPU
		{E83520A6-21AE-40D6-A36A-217053F7A1B5}.Debug|Any CPU.ActiveCfg = Debug|Any CPU
		{E83520A6-21AE-40D6-A36A-217053F7A1B5}.Debug|Any CPU.Build.0 = Debug|Any CPU
		{E83520A6-21AE-40D6-A36A-217053F7A1B5}.Release|Any CPU.ActiveCfg = Release|Any CPU
		{E83520A6-21AE-40D6-A36A-217053F7A1B5}.Release|Any CPU.Build.0 = Release|Any CPU
		{72676F1E-A2BA-4968-B220-A6970744D20C}.Debug|Any CPU.ActiveCfg = Debug|Any CPU
		{72676F1E-A2BA-4968-B220-A6970744D20C}.Debug|Any CPU.Build.0 = Debug|Any CPU
		{72676F1E-A2BA-4968-B220-A6970744D20C}.Release|Any CPU.ActiveCfg = Release|Any CPU
		{72676F1E-A2BA-4968-B220-A6970744D20C}.Release|Any CPU.Build.0 = Release|Any CPU
		{F76014C6-1974-4E87-A056-4D7BF32D5F86}.Debug|Any CPU.ActiveCfg = Debug|Any CPU
		{F76014C6-1974-4E87-A056-4D7BF32D5F86}.Debug|Any CPU.Build.0 = Debug|Any CPU
		{F76014C6-1974-4E87-A056-4D7BF32D5F86}.Release|Any CPU.ActiveCfg = Release|Any CPU
		{F76014C6-1974-4E87-A056-4D7BF32D5F86}.Release|Any CPU.Build.0 = Release|Any CPU
		{A1234567-89AB-CDEF-0123-456789ABCDEF}.Debug|Any CPU.ActiveCfg = Debug|Any CPU
		{A1234567-89AB-CDEF-0123-456789ABCDEF}.Debug|Any CPU.Build.0 = Debug|Any CPU
		{A1234567-89AB-CDEF-0123-456789ABCDEF}.Release|Any CPU.ActiveCfg = Release|Any CPU
		{A1234567-89AB-CDEF-0123-456789ABCDEF}.Release|Any CPU.Build.0 = Release|Any CPU
	EndGlobalSection
EndGlobal
