
Microsoft Visual Studio Solution File, Format Version 12.00
Project("{FAE04EC0-301F-11D3-BF4B-00C04F79EFBC}") = "Celerio", "Celerio\Celerio.csproj", "{5257C82B-A968-4E4A-98A7-AA70849BEAF2}"
EndProject
Project("{FAE04EC0-301F-11D3-BF4B-00C04F79EFBC}") = "CelerioSamples", "CelerioSamples\CelerioSamples.csproj", "{2EADFA2E-D3E6-4970-8FE1-24D473E4A020}"
EndProject
Project("{FAE04EC0-301F-11D3-BF4B-00C04F79EFBC}") = "CelerioTests", "CelerioTests\CelerioTests.csproj", "{2390A47C-6E44-4BA7-AEEB-F7C4DB466D6B}"
EndProject
Global
	GlobalSection(SolutionConfigurationPlatforms) = preSolution
		Debug|Any CPU = Debug|Any CPU
		Release|Any CPU = Release|Any CPU
	EndGlobalSection
	GlobalSection(ProjectConfigurationPlatforms) = postSolution
		{5257C82B-A968-4E4A-98A7-AA70849BEAF2}.Debug|Any CPU.ActiveCfg = Debug|Any CPU
		{5257C82B-A968-4E4A-98A7-AA70849BEAF2}.Debug|Any CPU.Build.0 = Debug|Any CPU
		{5257C82B-A968-4E4A-98A7-AA70849BEAF2}.Release|Any CPU.ActiveCfg = Release|Any CPU
		{5257C82B-A968-4E4A-98A7-AA70849BEAF2}.Release|Any CPU.Build.0 = Release|Any CPU
		{2EADFA2E-D3E6-4970-8FE1-24D473E4A020}.Debug|Any CPU.ActiveCfg = Debug|Any CPU
		{2EADFA2E-D3E6-4970-8FE1-24D473E4A020}.Debug|Any CPU.Build.0 = Debug|Any CPU
		{2EADFA2E-D3E6-4970-8FE1-24D473E4A020}.Release|Any CPU.ActiveCfg = Release|Any CPU
		{2EADFA2E-D3E6-4970-8FE1-24D473E4A020}.Release|Any CPU.Build.0 = Release|Any CPU
		{2390A47C-6E44-4BA7-AEEB-F7C4DB466D6B}.Debug|Any CPU.ActiveCfg = Debug|Any CPU
		{2390A47C-6E44-4BA7-AEEB-F7C4DB466D6B}.Debug|Any CPU.Build.0 = Debug|Any CPU
		{2390A47C-6E44-4BA7-AEEB-F7C4DB466D6B}.Release|Any CPU.ActiveCfg = Release|Any CPU
		{2390A47C-6E44-4BA7-AEEB-F7C4DB466D6B}.Release|Any CPU.Build.0 = Release|Any CPU
	EndGlobalSection
EndGlobal
